
Microsoft Visual Studio Solution File, Format Version 12.00
# Visual Studio 15
VisualStudioVersion = 15.0.26124.0
MinimumVisualStudioVersion = 15.0.26124.0
Project("{FAE04EC0-301F-11D3-BF4B-00C04F79EFBC}") = "SimpleLeaderboard.Application", "SimpleLeaderboard.Application\SimpleLeaderboard.Application.csproj", "{CC0A6630-2292-4D2B-B966-0D37CB373D9C}"
EndProject
Project("{FAE04EC0-301F-11D3-BF4B-00C04F79EFBC}") = "SimpleLeaderBoard.Domain", "SimpleLeaderBoard.Domain\SimpleLeaderBoard.Domain.csproj", "{2734E3A4-A741-4F75-9C04-D5AD7B96EC03}"
EndProject
Project("{FAE04EC0-301F-11D3-BF4B-00C04F79EFBC}") = "SimpleLeaderBoard.Infrastructure", "SimpleLeaderBoard.Infrastructure\SimpleLeaderBoard.Infrastructure.csproj", "{CC6267B1-FD0A-4100-94BE-2D3F712726D5}"
EndProject
Global
	GlobalSection(SolutionConfigurationPlatforms) = preSolution
		Debug|Any CPU = Debug|Any CPU
		Debug|x64 = Debug|x64
		Debug|x86 = Debug|x86
		Release|Any CPU = Release|Any CPU
		Release|x64 = Release|x64
		Release|x86 = Release|x86
	EndGlobalSection
	GlobalSection(SolutionProperties) = preSolution
		HideSolutionNode = FALSE
	EndGlobalSection
	GlobalSection(ProjectConfigurationPlatforms) = postSolution
		{CC0A6630-2292-4D2B-B966-0D37CB373D9C}.Debug|Any CPU.ActiveCfg = Debug|Any CPU
		{CC0A6630-2292-4D2B-B966-0D37CB373D9C}.Debug|Any CPU.Build.0 = Debug|Any CPU
		{CC0A6630-2292-4D2B-B966-0D37CB373D9C}.Debug|x64.ActiveCfg = Debug|Any CPU
		{CC0A6630-2292-4D2B-B966-0D37CB373D9C}.Debug|x64.Build.0 = Debug|Any CPU
		{CC0A6630-2292-4D2B-B966-0D37CB373D9C}.Debug|x86.ActiveCfg = Debug|Any CPU
		{CC0A6630-2292-4D2B-B966-0D37CB373D9C}.Debug|x86.Build.0 = Debug|Any CPU
		{CC0A6630-2292-4D2B-B966-0D37CB373D9C}.Release|Any CPU.ActiveCfg = Release|Any CPU
		{CC0A6630-2292-4D2B-B966-0D37CB373D9C}.Release|Any CPU.Build.0 = Release|Any CPU
		{CC0A6630-2292-4D2B-B966-0D37CB373D9C}.Release|x64.ActiveCfg = Release|Any CPU
		{CC0A6630-2292-4D2B-B966-0D37CB373D9C}.Release|x64.Build.0 = Release|Any CPU
		{CC0A6630-2292-4D2B-B966-0D37CB373D9C}.Release|x86.ActiveCfg = Release|Any CPU
		{CC0A6630-2292-4D2B-B966-0D37CB373D9C}.Release|x86.Build.0 = Release|Any CPU
		{2734E3A4-A741-4F75-9C04-D5AD7B96EC03}.Debug|Any CPU.ActiveCfg = Debug|Any CPU
		{2734E3A4-A741-4F75-9C04-D5AD7B96EC03}.Debug|Any CPU.Build.0 = Debug|Any CPU
		{2734E3A4-A741-4F75-9C04-D5AD7B96EC03}.Debug|x64.ActiveCfg = Debug|Any CPU
		{2734E3A4-A741-4F75-9C04-D5AD7B96EC03}.Debug|x64.Build.0 = Debug|Any CPU
		{2734E3A4-A741-4F75-9C04-D5AD7B96EC03}.Debug|x86.ActiveCfg = Debug|Any CPU
		{2734E3A4-A741-4F75-9C04-D5AD7B96EC03}.Debug|x86.Build.0 = Debug|Any CPU
		{2734E3A4-A741-4F75-9C04-D5AD7B96EC03}.Release|Any CPU.ActiveCfg = Release|Any CPU
		{2734E3A4-A741-4F75-9C04-D5AD7B96EC03}.Release|Any CPU.Build.0 = Release|Any CPU
		{2734E3A4-A741-4F75-9C04-D5AD7B96EC03}.Release|x64.ActiveCfg = Release|Any CPU
		{2734E3A4-A741-4F75-9C04-D5AD7B96EC03}.Release|x64.Build.0 = Release|Any CPU
		{2734E3A4-A741-4F75-9C04-D5AD7B96EC03}.Release|x86.ActiveCfg = Release|Any CPU
		{2734E3A4-A741-4F75-9C04-D5AD7B96EC03}.Release|x86.Build.0 = Release|Any CPU
		{CC6267B1-FD0A-4100-94BE-2D3F712726D5}.Debug|Any CPU.ActiveCfg = Debug|Any CPU
		{CC6267B1-FD0A-4100-94BE-2D3F712726D5}.Debug|Any CPU.Build.0 = Debug|Any CPU
		{CC6267B1-FD0A-4100-94BE-2D3F712726D5}.Debug|x64.ActiveCfg = Debug|Any CPU
		{CC6267B1-FD0A-4100-94BE-2D3F712726D5}.Debug|x64.Build.0 = Debug|Any CPU
		{CC6267B1-FD0A-4100-94BE-2D3F712726D5}.Debug|x86.ActiveCfg = Debug|Any CPU
		{CC6267B1-FD0A-4100-94BE-2D3F712726D5}.Debug|x86.Build.0 = Debug|Any CPU
		{CC6267B1-FD0A-4100-94BE-2D3F712726D5}.Release|Any CPU.ActiveCfg = Release|Any CPU
		{CC6267B1-FD0A-4100-94BE-2D3F712726D5}.Release|Any CPU.Build.0 = Release|Any CPU
		{CC6267B1-FD0A-4100-94BE-2D3F712726D5}.Release|x64.ActiveCfg = Release|Any CPU
		{CC6267B1-FD0A-4100-94BE-2D3F712726D5}.Release|x64.Build.0 = Release|Any CPU
		{CC6267B1-FD0A-4100-94BE-2D3F712726D5}.Release|x86.ActiveCfg = Release|Any CPU
		{CC6267B1-FD0A-4100-94BE-2D3F712726D5}.Release|x86.Build.0 = Release|Any CPU
	EndGlobalSection
EndGlobal
